// !$*UTF8*$!
{
	archiveVersion = 1;
	classes = {
	};
	objectVersion = 46;
	objects = {

/* Begin PBXBuildFile section */
		F37CDB7F1E2F8E89008455DB /* AppDelegate.swift in Sources */ = {isa = PBXBuildFile; fileRef = F37CDB7E1E2F8E89008455DB /* AppDelegate.swift */; };
		F37CDB811E2F8E89008455DB /* ViewController.swift in Sources */ = {isa = PBXBuildFile; fileRef = F37CDB801E2F8E89008455DB /* ViewController.swift */; };
		F37CDB841E2F8E89008455DB /* Main.storyboard in Resources */ = {isa = PBXBuildFile; fileRef = F37CDB821E2F8E89008455DB /* Main.storyboard */; };
		F37CDB861E2F8E89008455DB /* Assets.xcassets in Resources */ = {isa = PBXBuildFile; fileRef = F37CDB851E2F8E89008455DB /* Assets.xcassets */; };
		F37CDB891E2F8E89008455DB /* LaunchScreen.storyboard in Resources */ = {isa = PBXBuildFile; fileRef = F37CDB871E2F8E89008455DB /* LaunchScreen.storyboard */; };
/* End PBXBuildFile section */

/* Begin PBXFileReference section */
		F37CDB7B1E2F8E89008455DB /* ClickCount.app */ = {isa = PBXFileReference; explicitFileType = wrapper.application; includeInIndex = 0; path = ClickCount.app; sourceTree = BUILT_PRODUCTS_DIR; };
		F37CDB7E1E2F8E89008455DB /* AppDelegate.swift */ = {isa = PBXFileReference; lastKnownFileType = sourcecode.swift; path = AppDelegate.swift; sourceTree = "<group>"; };
		F37CDB801E2F8E89008455DB /* ViewController.swift */ = {isa = PBXFileReference; lastKnownFileType = sourcecode.swift; path = ViewController.swift; sourceTree = "<group>"; };
		F37CDB831E2F8E89008455DB /* Base */ = {isa = PBXFileReference; lastKnownFileType = file.storyboard; name = Base; path = Base.lproj/Main.storyboard; sourceTree = "<group>"; };
		F37CDB851E2F8E89008455DB /* Assets.xcassets */ = {isa = PBXFileReference; lastKnownFileType = folder.assetcatalog; path = Assets.xcassets; sourceTree = "<group>"; };
		F37CDB881E2F8E89008455DB /* Base */ = {isa = PBXFileReference; lastKnownFileType = file.storyboard; name = Base; path = Base.lproj/LaunchScreen.storyboard; sourceTree = "<group>"; };
		F37CDB8A1E2F8E89008455DB /* Info.plist */ = {isa = PBXFileReference; lastKnownFileType = text.plist.xml; path = Info.plist; sourceTree = "<group>"; };
/* End PBXFileReference section */

/* Begin PBXFrameworksBuildPhase section */
		F37CDB781E2F8E89008455DB /* Frameworks */ = {
			isa = PBXFrameworksBuildPhase;
			buildActionMask = 2147483647;
			files = (
			);
			runOnlyForDeploymentPostprocessing = 0;
		};
/* End PBXFrameworksBuildPhase section */

/* Begin PBXGroup section */
		F37CDB721E2F8E89008455DB = {
			isa = PBXGroup;
			children = (
				F37CDB7D1E2F8E89008455DB /* ClickCount */,
				F37CDB7C1E2F8E89008455DB /* Products */,
			);
			sourceTree = "<group>";
		};
		F37CDB7C1E2F8E89008455DB /* Products */ = {
			isa = PBXGroup;
			children = (
				F37CDB7B1E2F8E89008455DB /* ClickCount.app */,
			);
			name = Products;
			sourceTree = "<group>";
		};
		F37CDB7D1E2F8E89008455DB /* ClickCount */ = {
			isa = PBXGroup;
			children = (
				F37CDB7E1E2F8E89008455DB /* AppDelegate.swift */,
				F37CDB801E2F8E89008455DB /* ViewController.swift */,
				F37CDB821E2F8E89008455DB /* Main.storyboard */,
				F37CDB851E2F8E89008455DB /* Assets.xcassets */,
				F37CDB871E2F8E89008455DB /* LaunchScreen.storyboard */,
				F37CDB8A1E2F8E89008455DB /* Info.plist */,
			);
			path = ClickCount;
			sourceTree = "<group>";
		};
/* End PBXGroup section */

/* Begin PBXNativeTarget section */
		F37CDB7A1E2F8E89008455DB /* ClickCount */ = {
			isa = PBXNativeTarget;
			buildConfigurationList = F37CDB8D1E2F8E89008455DB /* Build configuration list for PBXNativeTarget "ClickCount" */;
			buildPhases = (
				F37CDB771E2F8E89008455DB /* Sources */,
				F37CDB781E2F8E89008455DB /* Frameworks */,
				F37CDB791E2F8E89008455DB /* Resources */,
			);
			buildRules = (
			);
			dependencies = (
			);
			name = ClickCount;
			productName = ClickCount;
			productReference = F37CDB7B1E2F8E89008455DB /* ClickCount.app */;
			productType = "com.apple.product-type.application";
		};
/* End PBXNativeTarget section */

/* Begin PBXProject section */
		F37CDB731E2F8E89008455DB /* Project object */ = {
			isa = PBXProject;
			attributes = {
				LastSwiftUpdateCheck = 0820;
				LastUpgradeCheck = 0820;
				ORGANIZATIONNAME = Udacity;
				TargetAttributes = {
					F37CDB7A1E2F8E89008455DB = {
						CreatedOnToolsVersion = 8.2.1;
						ProvisioningStyle = Automatic;
					};
				};
			};
			buildConfigurationList = F37CDB761E2F8E89008455DB /* Build configuration list for PBXProject "ClickCount" */;
			compatibilityVersion = "Xcode 3.2";
			developmentRegion = English;
			hasScannedForEncodings = 0;
			knownRegions = (
				en,
				Base,
			);
			mainGroup = F37CDB721E2F8E89008455DB;
			productRefGroup = F37CDB7C1E2F8E89008455DB /* Products */;
			projectDirPath = "";
			projectRoot = "";
			targets = (
				F37CDB7A1E2F8E89008455DB /* ClickCount */,
			);
		};
/* End PBXProject section */

/* Begin PBXResourcesBuildPhase section */
		F37CDB791E2F8E89008455DB /* Resources */ = {
			isa = PBXResourcesBuildPhase;
			buildActionMask = 2147483647;
			files = (
				F37CDB891E2F8E89008455DB /* LaunchScreen.storyboard in Resources */,
				F37CDB861E2F8E89008455DB /* Assets.xcassets in Resources */,
				F37CDB841E2F8E89008455DB /* Main.storyboard in Resources */,
			);
			runOnlyForDeploymentPostprocessing = 0;
		};
/* End PBXResourcesBuildPhase section */

/* Begin PBXSourcesBuildPhase section */
		F37CDB771E2F8E89008455DB /* Sources */ = {
			isa = PBXSourcesBuildPhase;
			buildActionMask = 2147483647;
			files = (
				F37CDB811E2F8E89008455DB /* ViewController.swift in Sources */,
				F37CDB7F1E2F8E89008455DB /* AppDelegate.swift in Sources */,
			);
			runOnlyForDeploymentPostprocessing = 0;
		};
/* End PBXSourcesBuildPhase section */

/* Begin PBXVariantGroup section */
		F37CDB821E2F8E89008455DB /* Main.storyboard */ = {
			isa = PBXVariantGroup;
			children = (
				F37CDB831E2F8E89008455DB /* Base */,
			);
			name = Main.storyboard;
			sourceTree = "<group>";
		};
		F37CDB871E2F8E89008455DB /* LaunchScreen.storyboard */ = {
			isa = PBXVariantGroup;
			children = (
				F37CDB881E2F8E89008455DB /* Base */,
			);
			name = LaunchScreen.storyboard;
			sourceTree = "<group>";
		};
/* End PBXVariantGroup section */

/* Begin XCBuildConfiguration section */
		F37CDB8B1E2F8E89008455DB /* Debug */ = {
			isa = XCBuildConfiguration;
			buildSettings = {
				ALWAYS_SEARCH_USER_PATHS = NO;
				CLANG_ANALYZER_NONNULL = YES;
				CLANG_CXX_LANGUAGE_STANDARD = "gnu++0x";
				CLANG_CXX_LIBRARY = "libc++";
				CLANG_ENABLE_MODULES = YES;
				CLANG_ENABLE_OBJC_ARC = YES;
				CLANG_WARN_BOOL_CONVERSION = YES;
				CLANG_WARN_CONSTANT_CONVERSION = YES;
				CLANG_WARN_DIRECT_OBJC_ISA_USAGE = YES_ERROR;
				CLANG_WARN_DOCUMENTATION_COMMENTS = YES;
				CLANG_WARN_EMPTY_BODY = YES;
				CLANG_WARN_ENUM_CONVERSION = YES;
				CLANG_WARN_INFINITE_RECURSION = YES;
				CLANG_WARN_INT_CONVERSION = YES;
				CLANG_WARN_OBJC_ROOT_CLASS = YES_ERROR;
				CLANG_WARN_SUSPICIOUS_MOVE = YES;
				CLANG_WARN_UNREACHABLE_CODE = YES;
				CLANG_WARN__DUPLICATE_METHOD_MATCH = YES;
				"CODE_SIGN_IDENTITY[sdk=iphoneos*]" = "iPhone Developer";
				COPY_PHASE_STRIP = NO;
				DEBUG_INFORMATION_FORMAT = dwarf;
				ENABLE_STRICT_OBJC_MSGSEND = YES;
				ENABLE_TESTABILITY = YES;
				GCC_C_LANGUAGE_STANDARD = gnu99;
				GCC_DYNAMIC_NO_PIC = NO;
				GCC_NO_COMMON_BLOCKS = YES;
				GCC_OPTIMIZATION_LEVEL = 0;
				GCC_PREPROCESSOR_DEFINITIONS = (
					"DEBUG=1",
					"$(inherited)",
				);
				GCC_WARN_64_TO_32_BIT_CONVERSION = YES;
				GCC_WARN_ABOUT_RETURN_TYPE = YES_ERROR;
				GCC_WARN_UNDECLARED_SELECTOR = YES;
				GCC_WARN_UNINITIALIZED_AUTOS = YES_AGGRESSIVE;
				GCC_WARN_UNUSED_FUNCTION = YES;
				GCC_WARN_UNUSED_VARIABLE = YES;
				IPHONEOS_DEPLOYMENT_TARGET = 10.2;
				MTL_ENABLE_DEBUG_INFO = YES;
				ONLY_ACTIVE_ARCH = YES;
				SDKROOT = iphoneos;
				SWIFT_ACTIVE_COMPILATION_CONDITIONS = DEBUG;
				SWIFT_OPTIMIZATION_LEVEL = "-Onone";
				TARGETED_DEVICE_FAMILY = "1,2";
			};
			name = Debug;
		};
		F37CDB8C1E2F8E89008455DB /* Release */ = {
			isa = XCBuildConfiguration;
			buildSettings = {
				ALWAYS_SEARCH_USER_PATHS = NO;
				CLANG_ANALYZER_NONNULL = YES;
				CLANG_CXX_LANGUAGE_STANDARD = "gnu++0x";
				CLANG_CXX_LIBRARY = "libc++";
				CLANG_ENABLE_MODULES = YES;
				CLANG_ENABLE_OBJC_ARC = YES;
				CLANG_WARN_BOOL_CONVERSION = YES;
				CLANG_WARN_CONSTANT_CONVERSION = YES;
				CLANG_WARN_DIRECT_OBJC_ISA_USAGE = YES_ERROR;
				CLANG_WARN_DOCUMENTATION_COMMENTS = YES;
				CLANG_WARN_EMPTY_BODY = YES;
				CLANG_WARN_ENUM_CONVERSION = YES;
				CLANG_WARN_INFINITE_RECURSION = YES;
				CLANG_WARN_INT_CONVERSION = YES;
				CLANG_WARN_OBJC_ROOT_CLASS = YES_ERROR;
				CLANG_WARN_SUSPICIOUS_MOVE = YES;
				CLANG_WARN_UNREACHABLE_CODE = YES;
				CLANG_WARN__DUPLICATE_METHOD_MATCH = YES;
				"CODE_SIGN_IDENTITY[sdk=iphoneos*]" = "iPhone Developer";
				COPY_PHASE_STRIP = NO;
				DEBUG_INFORMATION_FORMAT = "dwarf-with-dsym";
				ENABLE_NS_ASSERTIONS = NO;
				ENABLE_STRICT_OBJC_MSGSEND = YES;
				GCC_C_LANGUAGE_STANDARD = gnu99;
				GCC_NO_COMMON_BLOCKS = YES;
				GCC_WARN_64_TO_32_BIT_CONVERSION = YES;
				GCC_WARN_ABOUT_RETURN_TYPE = YES_ERROR;
				GCC_WARN_UNDECLARED_SELECTOR = YES;
				GCC_WARN_UNINITIALIZED_AUTOS = YES_AGGRESSIVE;
				GCC_WARN_UNUSED_FUNCTION = YES;
				GCC_WARN_UNUSED_VARIABLE = YES;
				IPHONEOS_DEPLOYMENT_TARGET = 10.2;
				MTL_ENABLE_DEBUG_INFO = NO;
				SDKROOT = iphoneos;
				SWIFT_OPTIMIZATION_LEVEL = "-Owholemodule";
				TARGETED_DEVICE_FAMILY = "1,2";
				VALIDATE_PRODUCT = YES;
			};
			name = Release;
		};
		F37CDB8E1E2F8E89008455DB /* Debug */ = {
			isa = XCBuildConfiguration;
			buildSettings = {
				ASSETCATALOG_COMPILER_APPICON_NAME = AppIcon;
				INFOPLIST_FILE = ClickCount/Info.plist;
				LD_RUNPATH_SEARCH_PATHS = "$(inherited) @executable_path/Frameworks";
				PRODUCT_BUNDLE_IDENTIFIER = com.udacity.ClickCount;
				PRODUCT_NAME = "$(TARGET_NAME)";
				SWIFT_VERSION = 3.0;
			};
			name = Debug;
		};
		F37CDB8F1E2F8E89008455DB /* Release */ = {
			isa = XCBuildConfiguration;
			buildSettings = {
				ASSETCATALOG_COMPILER_APPICON_NAME = AppIcon;
				INFOPLIST_FILE = ClickCount/Info.plist;
				LD_RUNPATH_SEARCH_PATHS = "$(inherited) @executable_path/Frameworks";
				PRODUCT_BUNDLE_IDENTIFIER = com.udacity.ClickCount;
				PRODUCT_NAME = "$(TARGET_NAME)";
				SWIFT_VERSION = 3.0;
			};
			name = Release;
		};
/* End XCBuildConfiguration section */

/* Begin XCConfigurationList section */
		F37CDB761E2F8E89008455DB /* Build configuration list for PBXProject "ClickCount" */ = {
			isa = XCConfigurationList;
			buildConfigurations = (
				F37CDB8B1E2F8E89008455DB /* Debug */,
				F37CDB8C1E2F8E89008455DB /* Release */,
			);
			defaultConfigurationIsVisible = 0;
			defaultConfigurationName = Release;
		};
		F37CDB8D1E2F8E89008455DB /* Build configuration list for PBXNativeTarget "ClickCount" */ = {
			isa = XCConfigurationList;
			buildConfigurations = (
				F37CDB8E1E2F8E89008455DB /* Debug */,
				F37CDB8F1E2F8E89008455DB /* Release */,
			);
			defaultConfigurationIsVisible = 0;
		};
/* End XCConfigurationList section */
	};
	rootObject = F37CDB731E2F8E89008455DB /* Project object */;
}
